
Microsoft Visual Studio Solution File, Format Version 12.00
# Visual Studio Version 17
VisualStudioVersion = 17.0.31903.59
MinimumVisualStudioVersion = 10.0.40219.1
Project("{2150E333-8FDC-42A3-9474-1A3956D46DE8}") = "src", "src", "{827E0CD3-B72D-47B6-A68D-7590B98EB39B}"
EndProject
Project("{FAE04EC0-301F-11D3-BF4B-00C04F79EFBC}") = "GagLib", "src\GagLib\GagLib.csproj", "{02BBE2DB-F2E0-44DC-A864-33A89132377E}"
EndProject
Project("{2150E333-8FDC-42A3-9474-1A3956D46DE8}") = "tests", "tests", "{0AB3BF05-4346-4AA6-1389-037BE0695223}"
EndProject
Project("{FAE04EC0-301F-11D3-BF4B-00C04F79EFBC}") = "GagLib.Tests", "tests\GagLib.Tests\GagLib.Tests.csproj", "{C9649C0A-57CE-4A35-B327-6A084493092C}"
EndProject
Global
	GlobalSection(SolutionConfigurationPlatforms) = preSolution
		Debug|Any CPU = Debug|Any CPU
		Debug|x64 = Debug|x64
		Debug|x86 = Debug|x86
		Release|Any CPU = Release|Any CPU
		Release|x64 = Release|x64
		Release|x86 = Release|x86
	EndGlobalSection
	GlobalSection(ProjectConfigurationPlatforms) = postSolution
		{02BBE2DB-F2E0-44DC-A864-33A89132377E}.Debug|Any CPU.ActiveCfg = Debug|Any CPU
		{02BBE2DB-F2E0-44DC-A864-33A89132377E}.Debug|Any CPU.Build.0 = Debug|Any CPU
		{02BBE2DB-F2E0-44DC-A864-33A89132377E}.Debug|x64.ActiveCfg = Debug|Any CPU
		{02BBE2DB-F2E0-44DC-A864-33A89132377E}.Debug|x64.Build.0 = Debug|Any CPU
		{02BBE2DB-F2E0-44DC-A864-33A89132377E}.Debug|x86.ActiveCfg = Debug|Any CPU
		{02BBE2DB-F2E0-44DC-A864-33A89132377E}.Debug|x86.Build.0 = Debug|Any CPU
		{02BBE2DB-F2E0-44DC-A864-33A89132377E}.Release|Any CPU.ActiveCfg = Release|Any CPU
		{02BBE2DB-F2E0-44DC-A864-33A89132377E}.Release|Any CPU.Build.0 = Release|Any CPU
		{02BBE2DB-F2E0-44DC-A864-33A89132377E}.Release|x64.ActiveCfg = Release|Any CPU
		{02BBE2DB-F2E0-44DC-A864-33A89132377E}.Release|x64.Build.0 = Release|Any CPU
		{02BBE2DB-F2E0-44DC-A864-33A89132377E}.Release|x86.ActiveCfg = Release|Any CPU
		{02BBE2DB-F2E0-44DC-A864-33A89132377E}.Release|x86.Build.0 = Release|Any CPU
		{C9649C0A-57CE-4A35-B327-6A084493092C}.Debug|Any CPU.ActiveCfg = Debug|Any CPU
		{C9649C0A-57CE-4A35-B327-6A084493092C}.Debug|Any CPU.Build.0 = Debug|Any CPU
		{C9649C0A-57CE-4A35-B327-6A084493092C}.Debug|x64.ActiveCfg = Debug|Any CPU
		{C9649C0A-57CE-4A35-B327-6A084493092C}.Debug|x64.Build.0 = Debug|Any CPU
		{C9649C0A-57CE-4A35-B327-6A084493092C}.Debug|x86.ActiveCfg = Debug|Any CPU
		{C9649C0A-57CE-4A35-B327-6A084493092C}.Debug|x86.Build.0 = Debug|Any CPU
		{C9649C0A-57CE-4A35-B327-6A084493092C}.Release|Any CPU.ActiveCfg = Release|Any CPU
		{C9649C0A-57CE-4A35-B327-6A084493092C}.Release|Any CPU.Build.0 = Release|Any CPU
		{C9649C0A-57CE-4A35-B327-6A084493092C}.Release|x64.ActiveCfg = Release|Any CPU
		{C9649C0A-57CE-4A35-B327-6A084493092C}.Release|x64.Build.0 = Release|Any CPU
		{C9649C0A-57CE-4A35-B327-6A084493092C}.Release|x86.ActiveCfg = Release|Any CPU
		{C9649C0A-57CE-4A35-B327-6A084493092C}.Release|x86.Build.0 = Release|Any CPU
	EndGlobalSection
	GlobalSection(SolutionProperties) = preSolution
		HideSolutionNode = FALSE
	EndGlobalSection
	GlobalSection(NestedProjects) = preSolution
		{02BBE2DB-F2E0-44DC-A864-33A89132377E} = {827E0CD3-B72D-47B6-A68D-7590B98EB39B}
		{C9649C0A-57CE-4A35-B327-6A084493092C} = {0AB3BF05-4346-4AA6-1389-037BE0695223}
	EndGlobalSection
EndGlobal
